
Microsoft Visual Studio Solution File, Format Version 12.00
Project("{FAE04EC0-301F-11D3-BF4B-00C04F79EFBC}") = "DockerBasicWebApp", "DockerBasicWebApp\DockerBasicWebApp.csproj", "{4507DE7E-8D2D-49CF-A697-23CFEB4EA547}"
EndProject
Global
	GlobalSection(SolutionConfigurationPlatforms) = preSolution
		Debug|Any CPU = Debug|Any CPU
		Release|Any CPU = Release|Any CPU
	EndGlobalSection
	GlobalSection(ProjectConfigurationPlatforms) = postSolution
		{4507DE7E-8D2D-49CF-A697-23CFEB4EA547}.Debug|Any CPU.ActiveCfg = Debug|Any CPU
		{4507DE7E-8D2D-49CF-A697-23CFEB4EA547}.Debug|Any CPU.Build.0 = Debug|Any CPU
		{4507DE7E-8D2D-49CF-A697-23CFEB4EA547}.Release|Any CPU.ActiveCfg = Release|Any CPU
		{4507DE7E-8D2D-49CF-A697-23CFEB4EA547}.Release|Any CPU.Build.0 = Release|Any CPU
	EndGlobalSection
EndGlobal
